# This file is automatically @generated by Cargo.
# It is not intended for manual editing.
version = 4

[[package]]
name = "acpi"
version = "6.1.1"
source = "git+https://github.com/rust-osdev/acpi.git?branch=main#daf6df93de7a3f03402bdd7e51a2aced5fa48338"
dependencies = [
 "bit_field",
 "bitflags 2.13.1",
 "byteorder",
 "log",
 "pci_types",
 "spinning_top",
]

[[package]]
name = "aho-corasick"
version = "1.1.4"
source = "registry+https://github.com/rust-lang/crates.io-index"
checksum = "ddd31a130427c27518df266943a5308ed92d4b226cc639f5a8f1002816174301"
dependencies = [
 "memchr",
]

[[package]]
name = "allocator-api2"
version = "0.4.0"
source = "registry+https://github.com/rust-lang/crates.io-index"
checksum = "c880a97d28a3681c0267bd29cff89621202715b065127cd445fa0f0fe0aa2880"

[[package]]
name = "anaxa-builder"
version = "0.5.0"
source = "registry+https://github.com/rust-lang/crates.io-index"
checksum = "a98ad0bcfc9711839ddcfe28ac4ea9d0a2914454b06f88ac6647cc1d19af074b"
dependencies = [
 "anyhow",
 "evalexpr",
 "petgraph",
 "regex",
 "serde",
 "thiserror",
 "toml 0.9.12+spec-1.1.0",
 "walkdir",
]

[[package]]
name = "anyhow"
version = "1.0.103"
source = "registry+https://github.com/rust-lang/crates.io-index"
checksum = "2a4385e2e34eb35d6b3efe798b9eb88096925d87726c0798709bf56d9ed84af3"

[[package]]
name = "autocfg"
version = "1.5.1"
source = "registry+https://github.com/rust-lang/crates.io-index"
checksum = "f2032f911046de80f0a198e0901378627c33f59ea0ac00e363d481118bd70a53"

[[package]]
name = "bit"
version = "0.1.1"
source = "registry+https://github.com/rust-lang/crates.io-index"
checksum = "2b645c5c09a7d4035949cfce1a915785aaad6f17800c35fda8a8c311c491f284"

[[package]]
name = "bit_field"
version = "0.10.3"
source = "registry+https://github.com/rust-lang/crates.io-index"
checksum = "1e4b40c7323adcfc0a41c4b88143ed58346ff65a288fc144329c5c45e05d70c6"

[[package]]
name = "bitflags"
version = "1.3.2"
source = "registry+https://github.com/rust-lang/crates.io-index"
checksum = "bef38d45163c2f1dde094a7dfd33ccf595c92905c8f8f4fdc18d06fb1037718a"

[[package]]
name = "bitflags"
version = "2.13.1"
source = "registry+https://github.com/rust-lang/crates.io-index"
checksum = "b588b76d00fde79687d7646a9b5bdf3cc0f655e0bbd080335a95d7e96f3587da"

[[package]]
name = "bytemuck"
version = "1.25.1"
source = "registry+https://github.com/rust-lang/crates.io-index"
checksum = "d6aedf8ae72766347502cf3cb4f41cf5e9cc37d28bee90f1fdaaae15f9cf9424"
dependencies = [
 "bytemuck_derive",
]

[[package]]
name = "bytemuck_derive"
version = "1.11.0"
source = "registry+https://github.com/rust-lang/crates.io-index"
checksum = "f65693059b6b9c588b9f62fed1cedbf0a8b805631457ea162d68f0de186f3de5"
dependencies = [
 "proc-macro2",
 "quote",
 "syn",
]

[[package]]
name = "byteorder"
version = "1.5.0"
source = "registry+https://github.com/rust-lang/crates.io-index"
checksum = "1fd0f2584146f6f2ef48085050886acf353beff7305ebd1ae69500e27c67f64b"

[[package]]
name = "cfg-if"
version = "1.0.4"
source = "registry+https://github.com/rust-lang/crates.io-index"
checksum = "9330f8b2ff13f34540b44e946ef35111825727b38d33286ef986142615121801"

[[package]]
name = "chrono"
version = "0.4.45"
source = "registry+https://github.com/rust-lang/crates.io-index"
checksum = "1aa79e62e7697b8e29b513a68abacf485adcd1fe8284a4316c5ae868e6633327"
dependencies = [
 "num-traits",
]

[[package]]
name = "const_fn"
version = "0.4.12"
source = "registry+https://github.com/rust-lang/crates.io-index"
checksum = "413d67b29ef1021b4d60f4aa1e925ca031751e213832b4b1d588fae623c05c60"

[[package]]
name = "equivalent"
version = "1.0.2"
source = "registry+https://github.com/rust-lang/crates.io-index"
checksum = "877a4ace8713b0bcf2a4e7eec82529c029f1d0619886d18145fea96c3ffe5c0f"

[[package]]
name = "evalexpr"
version = "13.1.0"
source = "registry+https://github.com/rust-lang/crates.io-index"
checksum = "25929004897f2bbab309121a60400d36992f6d911d09baa6c172f6cc55706601"

[[package]]
name = "fixedbitset"
version = "0.5.7"
source = "registry+https://github.com/rust-lang/crates.io-index"
checksum = "1d674e81391d1e1ab681a28d99df07927c6d4aa5b027d7da16ba32d1d21ecd99"

[[package]]
name = "foldhash"
version = "0.1.5"
source = "registry+https://github.com/rust-lang/crates.io-index"
checksum = "d9c4f5dac5e15c24eb999c26181a6ca40b39fe946cbe4c263c7209467bc83af2"

[[package]]
name = "glob"
version = "0.3.3"
source = "registry+https://github.com/rust-lang/crates.io-index"
checksum = "0cc23270f6e1808e30a928bdc84dea0b9b4136a8bc82338574f23baf47bbd280"

[[package]]
name = "hadris-common"
version = "1.2.1"
source = "registry+https://github.com/rust-lang/crates.io-index"
checksum = "69865bf6659f52a005745c4b92c556950135c0759796b58e6d34914c077e6a40"
dependencies = [
 "hadris-io",
 "noalloc",
 "zerocopy",
]

[[package]]
name = "hadris-fat"
version = "1.2.1"
source = "registry+https://github.com/rust-lang/crates.io-index"
checksum = "62c5e513feed5c62a4056022b3bd1588f6f96eb61c6583604c1d42dba31d780d"
dependencies = [
 "bitflags 2.13.0",
 "bytemuck",
 "chrono",
 "hadris-common",
 "hadris-io",
 "hadris-macros",
 "parse-size",
 "spin 0.10.1",
]

[[package]]
name = "hadris-io"
version = "1.2.1"
source = "registry+https://github.com/rust-lang/crates.io-index"
checksum = "ee996c28ddacd8bc6a9ad0fcb033fa1d50cfd37bbc101dcf711109139e750d2b"
dependencies = [
 "bytemuck",
 "cfg-if",
]

[[package]]
name = "hadris-macros"
version = "1.2.1"
source = "registry+https://github.com/rust-lang/crates.io-index"
checksum = "e6c8bae1a295c4f8753ae8dea0ae0b79d03f737dcc8bf4deb3c7ee876468f437"
dependencies = [
 "proc-macro2",
]

[[package]]
name = "hashbrown"
version = "0.15.5"
source = "registry+https://github.com/rust-lang/crates.io-index"
checksum = "9229cfe53dfd69f0609a49f65461bd93001ea1ef889cd5529dd176593f5338a1"
dependencies = [
 "foldhash",
]

[[package]]
name = "hashbrown"
version = "0.17.1"
source = "registry+https://github.com/rust-lang/crates.io-index"
checksum = "ed5909b6e89a2db4456e54cd5f673791d7eca6732202bbf2a9cc504fe2f9b84a"

[[package]]
name = "indexmap"
version = "2.14.0"
source = "registry+https://github.com/rust-lang/crates.io-index"
checksum = "d466e9454f08e4a911e14806c24e16fba1b4c121d1ea474396f396069cf949d9"
dependencies = [
 "equivalent",
 "hashbrown 0.17.1",
]

[[package]]
name = "lock_api"
version = "0.4.14"
source = "registry+https://github.com/rust-lang/crates.io-index"
checksum = "224399e74b87b5f3557511d98dff8b14089b3dadafcab6bb93eab67d3aace965"
dependencies = [
 "scopeguard",
]

[[package]]
name = "log"
version = "0.4.33"
source = "registry+https://github.com/rust-lang/crates.io-index"
checksum = "0ceec5bc11778974d1bcb055b18002eba7f4b3518b6a0081b3af5f21666da9ad"

[[package]]
name = "memchr"
version = "2.8.3"
source = "registry+https://github.com/rust-lang/crates.io-index"
checksum = "cf8baf1c55e62ffcace7a9f06f4bd9cd3f0c4beb022d3b367256b91b87513d98"

[[package]]
name = "noalloc"
version = "0.0.1"
source = "registry+https://github.com/rust-lang/crates.io-index"
checksum = "5a2537501480803dd22fbd79a39ea83318caba3ba936f7554f7139f4180faa94"

[[package]]
name = "num-traits"
version = "0.2.19"
source = "registry+https://github.com/rust-lang/crates.io-index"
checksum = "071dfc062690e90b734c0b2273ce72ad0ffa95f0c74596bc250dcfd960262841"
dependencies = [
 "autocfg",
]

[[package]]
name = "parse-size"
version = "1.1.0"
source = "registry+https://github.com/rust-lang/crates.io-index"
checksum = "487f2ccd1e17ce8c1bfab3a65c89525af41cfad4c8659021a1e9a2aacd73b89b"

[[package]]
name = "paste"
version = "1.0.15"
source = "registry+https://github.com/rust-lang/crates.io-index"
checksum = "57c0d7b74b563b49d38dae00a0c37d4d6de9b432382b2892f0574ddcae73fd0a"

[[package]]
name = "pci_types"
version = "0.10.1"
source = "registry+https://github.com/rust-lang/crates.io-index"
checksum = "f0c2a105c657261a938ff68ee231c199a3d80eef33976004829de761ef5b1a9b"
dependencies = [
 "bit_field",
 "bitflags 2.13.1",
]

[[package]]
name = "petgraph"
version = "0.8.3"
source = "registry+https://github.com/rust-lang/crates.io-index"
checksum = "8701b58ea97060d5e5b155d383a69952a60943f0e6dfe30b04c287beb0b27455"
dependencies = [
 "fixedbitset",
 "hashbrown 0.15.5",
 "indexmap",
 "serde",
]

[[package]]
name = "proc-macro2"
version = "1.0.106"
source = "registry+https://github.com/rust-lang/crates.io-index"
checksum = "8fd00f0bb2e90d81d1044c2b32617f68fcb9fa3bb7640c23e9c748e53fb30934"
dependencies = [
 "unicode-ident",
]

[[package]]
name = "proka-bootloader"
version = "0.5.5"
source = "registry+https://github.com/rust-lang/crates.io-index"
checksum = "0a94731b2b37ec2ebc0687e0b4f70ab67e1bd1a36c13c18ae90c2863c908ad3e"

[[package]]
name = "proka-exec"
version = "0.4.3"
source = "registry+https://github.com/rust-lang/crates.io-index"
checksum = "c9e6ec7c1b5f6321d8890b0052eb978a964a23538a35a3e0a0272f8f84eeb11b"

[[package]]
name = "proka-kernel"
version = "0.2.3"
dependencies = [
 "acpi",
 "anaxa-builder",
 "glob",
 "hadris-fat",
 "log",
 "pci_types",
 "proka-bootloader",
 "proka-exec",
 "serde",
 "spin 0.12.2",
 "spinning_top",
 "talc",
 "toml 1.1.3+spec-1.1.0",
 "uart_16550",
 "x2apic",
 "x86_64",
]

[[package]]
name = "quote"
version = "1.0.46"
source = "registry+https://github.com/rust-lang/crates.io-index"
checksum = "dfbc457d0c7a0759a614551b11a6409e5951f6c7537be1f1b7682b9ae9230368"
dependencies = [
 "proc-macro2",
]

[[package]]
name = "raw-cpuid"
version = "10.7.0"
source = "registry+https://github.com/rust-lang/crates.io-index"
checksum = "6c297679cb867470fa8c9f67dbba74a78d78e3e98d7cf2b08d6d71540f797332"
dependencies = [
 "bitflags 1.3.2",
]

[[package]]
name = "regex"
version = "1.13.0"
source = "registry+https://github.com/rust-lang/crates.io-index"
checksum = "2a0e75113e14dc5acb068cd0786884f214f1312650a3d36d269f5c4f3cdee8a2"
dependencies = [
 "aho-corasick",
 "memchr",
 "regex-automata",
 "regex-syntax",
]

[[package]]
name = "regex-automata"
version = "0.4.15"
source = "registry+https://github.com/rust-lang/crates.io-index"
checksum = "1f388202e4b80542a0921078cc23b6333bcf1409c1e3f86404cae4766a6131db"
dependencies = [
 "aho-corasick",
 "memchr",
 "regex-syntax",
]

[[package]]
name = "regex-syntax"
version = "0.8.11"
source = "registry+https://github.com/rust-lang/crates.io-index"
checksum = "d6f6ff9a378485b298a5286656da665ba74413d36db0979633275d2e708145d4"

[[package]]
name = "rustversion"
version = "1.0.23"
source = "registry+https://github.com/rust-lang/crates.io-index"
checksum = "cf54715a573b99ac80df0bc206da022bcd442c974952c7b9720069370852e21f"

[[package]]
name = "same-file"
version = "1.0.6"
source = "registry+https://github.com/rust-lang/crates.io-index"
checksum = "93fc1dc3aaa9bfed95e02e6eadabb4baf7e3078b0bd1b4d7b6b0b68378900502"
dependencies = [
 "winapi-util",
]

[[package]]
name = "scopeguard"
version = "1.2.0"
source = "registry+https://github.com/rust-lang/crates.io-index"
checksum = "94143f37725109f92c262ed2cf5e59bce7498c01bcc1502d7b9afe439a4e9f49"

[[package]]
name = "serde"
version = "1.0.228"
source = "registry+https://github.com/rust-lang/crates.io-index"
checksum = "9a8e94ea7f378bd32cbbd37198a4a91436180c5bb472411e48b5ec2e2124ae9e"
dependencies = [
 "serde_core",
 "serde_derive",
]

[[package]]
name = "serde_core"
version = "1.0.228"
source = "registry+https://github.com/rust-lang/crates.io-index"
checksum = "41d385c7d4ca58e59fc732af25c3983b67ac852c1a25000afe1175de458b67ad"
dependencies = [
 "serde_derive",
]

[[package]]
name = "serde_derive"
version = "1.0.228"
source = "registry+https://github.com/rust-lang/crates.io-index"
checksum = "d540f220d3187173da220f885ab66608367b6574e925011a9353e4badda91d79"
dependencies = [
 "proc-macro2",
 "quote",
 "syn",
]

[[package]]
name = "serde_spanned"
version = "1.1.1"
source = "registry+https://github.com/rust-lang/crates.io-index"
checksum = "6662b5879511e06e8999a8a235d848113e942c9124f211511b16466ee2995f26"
dependencies = [
 "serde_core",
]

[[package]]
name = "spin"
version = "0.10.1"
source = "registry+https://github.com/rust-lang/crates.io-index"
checksum = "023a211cb3138dbc438680b32560ad89f699977624c9f8dbb95a47d5b4c07dd3"
dependencies = [
 "lock_api",
]

[[package]]
name = "spin"
version = "0.12.2"
source = "registry+https://github.com/rust-lang/crates.io-index"
checksum = "8abadc99fd9c7bbb7d0ca2b31d72a067d0c0dcd7aad25ab8cac71ba91417694b"
dependencies = [
 "lock_api",
]

[[package]]
name = "spinning_top"
version = "0.3.0"
source = "registry+https://github.com/rust-lang/crates.io-index"
checksum = "d96d2d1d716fb500937168cc09353ffdc7a012be8475ac7308e1bdf0e3923300"
dependencies = [
 "lock_api",
]

[[package]]
name = "syn"
version = "2.0.118"
source = "registry+https://github.com/rust-lang/crates.io-index"
checksum = "1b9ae57f904213ebb649ce6895b8a66c66f0203b9319718f69a5612a065b1422"
dependencies = [
 "proc-macro2",
 "quote",
 "unicode-ident",
]

[[package]]
name = "talc"
version = "5.0.4"
source = "registry+https://github.com/rust-lang/crates.io-index"
checksum = "40a5888b3189a89207eea4190e74387b5db3150d213f84186cac637dcd55259d"
dependencies = [
 "allocator-api2",
 "lock_api",
]

[[package]]
name = "thiserror"
version = "2.0.18"
source = "registry+https://github.com/rust-lang/crates.io-index"
checksum = "4288b5bcbc7920c07a1149a35cf9590a2aa808e0bc1eafaade0b80947865fbc4"
dependencies = [
 "thiserror-impl",
]

[[package]]
name = "thiserror-impl"
version = "2.0.18"
source = "registry+https://github.com/rust-lang/crates.io-index"
checksum = "ebc4ee7f67670e9b64d05fa4253e753e016c6c95ff35b89b7941d6b856dec1d5"
dependencies = [
 "proc-macro2",
 "quote",
 "syn",
]

[[package]]
name = "toml"
version = "0.9.12+spec-1.1.0"
source = "registry+https://github.com/rust-lang/crates.io-index"
checksum = "cf92845e79fc2e2def6a5d828f0801e29a2f8acc037becc5ab08595c7d5e9863"
dependencies = [
 "indexmap",
 "serde_core",
 "serde_spanned",
 "toml_datetime 0.7.5+spec-1.1.0",
 "toml_parser",
 "toml_writer",
 "winnow 0.7.15",
]

[[package]]
name = "toml"
version = "1.1.3+spec-1.1.0"
source = "registry+https://github.com/rust-lang/crates.io-index"
checksum = "53c96ecdfa941c8fc4fcaed14f99ada8ebed502eef533015095a07e3301d4c3c"
dependencies = [
 "serde_core",
 "serde_spanned",
 "toml_datetime 1.1.1+spec-1.1.0",
 "toml_parser",
 "winnow 1.0.4",
]

[[package]]
name = "toml_datetime"
version = "0.7.5+spec-1.1.0"
source = "registry+https://github.com/rust-lang/crates.io-index"
checksum = "92e1cfed4a3038bc5a127e35a2d360f145e1f4b971b551a2ba5fd7aedf7e1347"
dependencies = [
 "serde_core",
]

[[package]]
name = "toml_datetime"
version = "1.1.1+spec-1.1.0"
source = "registry+https://github.com/rust-lang/crates.io-index"
checksum = "3165f65f62e28e0115a00b2ebdd37eb6f3b641855f9d636d3cd4103767159ad7"
dependencies = [
 "serde_core",
]

[[package]]
name = "toml_parser"
version = "1.1.2+spec-1.1.0"
source = "registry+https://github.com/rust-lang/crates.io-index"
checksum = "a2abe9b86193656635d2411dc43050282ca48aa31c2451210f4202550afb7526"
dependencies = [
 "winnow 1.0.4",
]

[[package]]
name = "toml_writer"
version = "1.1.2+spec-1.1.0"
source = "registry+https://github.com/rust-lang/crates.io-index"
checksum = "7d56353a2a665ad0f41a421187180aab746c8c325620617ad883a99a1cbe66d2"

[[package]]
name = "uart_16550"
version = "0.4.0"
source = "registry+https://github.com/rust-lang/crates.io-index"
checksum = "94d293f51425981fdb1b766beae254dbb711a17e8c4b549dc69b9b7ee0d478d5"
dependencies = [
 "bitflags 2.13.1",
 "rustversion",
 "x86",
]

[[package]]
name = "unicode-ident"
version = "1.0.24"
source = "registry+https://github.com/rust-lang/crates.io-index"
checksum = "e6e4313cd5fcd3dad5cafa179702e2b244f760991f45397d14d4ebf38247da75"

[[package]]
name = "volatile"
version = "0.4.6"
source = "registry+https://github.com/rust-lang/crates.io-index"
checksum = "442887c63f2c839b346c192d047a7c87e73d0689c9157b00b53dcc27dd5ea793"

[[package]]
name = "walkdir"
version = "2.5.0"
source = "registry+https://github.com/rust-lang/crates.io-index"
checksum = "29790946404f91d9c5d06f9874efddea1dc06c5efe94541a7d6863108e3a5e4b"
dependencies = [
 "same-file",
 "winapi-util",
]

[[package]]
name = "winapi-util"
version = "0.1.11"
source = "registry+https://github.com/rust-lang/crates.io-index"
checksum = "c2a7b1c03c876122aa43f3020e6c3c3ee5c05081c9a00739faf7503aeba10d22"
dependencies = [
 "windows-sys",
]

[[package]]
name = "windows-link"
version = "0.2.1"
source = "registry+https://github.com/rust-lang/crates.io-index"
checksum = "f0805222e57f7521d6a62e36fa9163bc891acd422f971defe97d64e70d0a4fe5"

[[package]]
name = "windows-sys"
version = "0.61.2"
source = "registry+https://github.com/rust-lang/crates.io-index"
checksum = "ae137229bcbd6cdf0f7b80a31df61766145077ddf49416a728b02cb3921ff3fc"
dependencies = [
 "windows-link",
]

[[package]]
name = "winnow"
version = "0.7.15"
source = "registry+https://github.com/rust-lang/crates.io-index"
checksum = "df79d97927682d2fd8adb29682d1140b343be4ac0f08fd68b7765d9c059d3945"

[[package]]
name = "winnow"
version = "1.0.4"
source = "registry+https://github.com/rust-lang/crates.io-index"
checksum = "23b97319f7b8343df12cc98938e5c3eb436064524c8d2b4e30a1d3a36eecdf81"

[[package]]
name = "x2apic"
version = "0.5.0"
source = "registry+https://github.com/rust-lang/crates.io-index"
checksum = "db5cbcb7faedfa15f90376004ffc0cb42e427623ab56629f0073d275ee8e7043"
dependencies = [
 "bit",
 "bitflags 1.3.2",
 "paste",
 "raw-cpuid",
 "x86_64",
]

[[package]]
name = "x86"
version = "0.52.0"
source = "registry+https://github.com/rust-lang/crates.io-index"
checksum = "2781db97787217ad2a2845c396a5efe286f87467a5810836db6d74926e94a385"
dependencies = [
 "bit_field",
 "bitflags 1.3.2",
 "raw-cpuid",
]

[[package]]
name = "x86_64"
version = "0.15.5"
source = "registry+https://github.com/rust-lang/crates.io-index"
checksum = "be4ec631e1a81d50e46c35a4a00322bd076c47491b64c2fb10a7ffa89002c697"
dependencies = [
 "bit_field",
 "bitflags 2.13.1",
 "const_fn",
 "rustversion",
 "volatile",
]

[[package]]
name = "zerocopy"
version = "0.8.54"
source = "registry+https://github.com/rust-lang/crates.io-index"
checksum = "b7cbbc0a705a0fd05cc3676525980d2bf5a9bc4adac6d6475209a7887cf59d19"
dependencies = [
 "zerocopy-derive",
]

[[package]]
name = "zerocopy-derive"
version = "0.8.54"
source = "registry+https://github.com/rust-lang/crates.io-index"
checksum = "e2e817b7b52d0c7358d3246da9d69935ebb18116b2b102b4230dac079b4862f5"
dependencies = [
 "proc-macro2",
 "quote",
 "syn",
]
